
Microsoft Visual Studio Solution File, Format Version 12.00
# Visual Studio 15
VisualStudioVersion = 15.0.27428.2027
MinimumVisualStudioVersion = 10.0.40219.1
Project("{FAE04EC0-301F-11D3-BF4B-00C04F79EFBC}") = "WpfFactorial", "WpfFactorial\WpfFactorial.csproj", "{3D9E28FA-830A-4CFE-ADC4-8D5B486C5461}"
EndProject
Global
	GlobalSection(SolutionConfigurationPlatforms) = preSolution
		Debug|Any CPU = Debug|Any CPU
		Release|Any CPU = Release|Any CPU
	EndGlobalSection
	GlobalSection(ProjectConfigurationPlatforms) = postSolution
		{3D9E28FA-830A-4CFE-ADC4-8D5B486C5461}.Debug|Any CPU.ActiveCfg = Debug|Any CPU
		{3D9E28FA-830A-4CFE-ADC4-8D5B486C5461}.Debug|Any CPU.Build.0 = Debug|Any CPU
		{3D9E28FA-830A-4CFE-ADC4-8D5B486C5461}.Release|Any CPU.ActiveCfg = Release|Any CPU
		{3D9E28FA-830A-4CFE-ADC4-8D5B486C5461}.Release|Any CPU.Build.0 = Release|Any CPU
	EndGlobalSection
	GlobalSection(SolutionProperties) = preSolution
		HideSolutionNode = FALSE
	EndGlobalSection
	GlobalSection(ExtensibilityGlobals) = postSolution
		SolutionGuid = {7BFB9019-0548-45A8-BF8C-9A06C59A2F1C}
	EndGlobalSection
EndGlobal
